{
  "name": "simply-trafficifai",
  "lockfileVersion": 3,
  "requires": true,
  "packages": {
    "": {
      "dependencies": {
        "react-simplikit": "^0.0.42"
      }
    },
    "node_modules/react": {
      "version": "19.1.1",
      "resolved": "https://registry.npmjs.org/react/-/react-19.1.1.tgz",
      "integrity": "sha512-w8nqGImo45dmMIfljjMwOGtbmC/mk4CMYhWIicdSflH91J9TyCyczcPFXJzrZ/ZXcgGRFeP6BU0BEJTw6tZdfQ==",
      "peer": true,
      "engines": {
        "node": ">=0.10.0"
      }
    },
    "node_modules/react-simplikit": {
      "version": "0.0.42",
      "resolved": "https://registry.npmjs.org/react-simplikit/-/react-simplikit-0.0.42.tgz",
      "integrity": "sha512-z24jmcsPsrkiAhcpvPSw5SDIDmtJJz+WWUgq3udpDLeP8MXDIvIOcTfeXuNynVdTIFuiN52Y+B7XlT/ziYQ44g==",
      "peerDependencies": {
        "react": "*"
      }
    }
  }
}
